{
  "name": "cpp_basement",
  "lockfileVersion": 3,
  "requires": true,
  "packages": {
    "": {
      "dependencies": {
        "coc-clangd": "^0.33.0"
      }
    },
    "node_modules/coc-clangd": {
      "version": "0.33.0",
      "resolved": "https://registry.npmjs.org/coc-clangd/-/coc-clangd-0.33.0.tgz",
      "integrity": "sha512-kGiDEkplgr1lEdR/cGR7AJ9TFrWhPduBgqO97NcqlU980o0ECcAe3TQxRzDKj4vcKr9Iogf2uBtAVe3YdOTZGA==",
      "license": "Apache-2.0 WITH LLVM-exception",
      "engines": {
        "coc": "^0.0.80"
      }
    }
  }
}
